PODS:
  - AnyCodable-FlightSchool (0.6.7)
  - DingYue_iOS_SDK (0.3.7):
    - AnyCodable-FlightSchool (~> 0.6.1)
    - FCUUID (~> 1.3.1)
    - SSZipArchive (~> 2.2.3)
  - FCUUID (1.3.1):
    - UICKeyChainStore (~> 2.1.0)
  - SSZipArchive (2.2.3)
  - UICKeyChainStore (2.1.2)

DEPENDENCIES:
  - DingYue_iOS_SDK (from `../`)

SPEC REPOS:
  trunk:
    - AnyCodable-FlightSchool
    - FCUUID
    - SSZipArchive
    - UICKeyChainStore

EXTERNAL SOURCES:
  DingYue_iOS_SDK:
    :path: "../"

SPEC CHECKSUMS:
  AnyCodable-FlightSchool: 261cbe76757802b17d471b9059b21e6fa5edf57b
  DingYue_iOS_SDK: d025b2fc05c6b0de5088e8400fa6cbf29727b709
  FCUUID: bb054fc90cd7cd99320f9f6ff8e130fe607fba05
  SSZipArchive: 62d4947b08730e4cda640473b0066d209ff033c9
  UICKeyChainStore: 85db518bb1d294366d15ec9b92a416c4e670518f

PODFILE CHECKSUM: 1bd5622de76668f202f1e08d19de8f351f612c5e

COCOAPODS: 1.11.3
